
Microsoft Visual Studio Solution File, Format Version 12.00
# Visual Studio Version 17
VisualStudioVersion = 17.6.33723.286
MinimumVisualStudioVersion = 10.0.40219.1
Project("{FAE04EC0-301F-11D3-BF4B-00C04F79EFBC}") = "CSharp", "CSharp\CSharp.csproj", "{F2ED1B1E-06F0-4520-A105-E8B37CD341AF}"
EndProject
Global
	GlobalSection(SolutionConfigurationPlatforms) = preSolution
		Debug|Any CPU = Debug|Any CPU
		Release|Any CPU = Release|Any CPU
	EndGlobalSection
	GlobalSection(ProjectConfigurationPlatforms) = postSolution
		{F2ED1B1E-06F0-4520-A105-E8B37CD341AF}.Debug|Any CPU.ActiveCfg = Debug|Any CPU
		{F2ED1B1E-06F0-4520-A105-E8B37CD341AF}.Debug|Any CPU.Build.0 = Debug|Any CPU
		{F2ED1B1E-06F0-4520-A105-E8B37CD341AF}.Release|Any CPU.ActiveCfg = Release|Any CPU
		{F2ED1B1E-06F0-4520-A105-E8B37CD341AF}.Release|Any CPU.Build.0 = Release|Any CPU
	EndGlobalSection
	GlobalSection(SolutionProperties) = preSolution
		HideSolutionNode = FALSE
	EndGlobalSection
	GlobalSection(ExtensibilityGlobals) = postSolution
		SolutionGuid = {7EF42C10-52DA-446E-99E0-FF6BD9B8A2C2}
	EndGlobalSection
EndGlobal
